
Microsoft Visual Studio Solution File, Format Version 12.00
# Visual Studio 14
VisualStudioVersion = 14.0.24720.0
MinimumVisualStudioVersion = 10.0.40219.1
Project("{00D1A9C2-B5F0-4AF3-8072-F6C62B433612}") = "SportsComplex.Database", "SportsComplex.Database\SportsComplex.Database.sqlproj", "{5D3B801C-6A3E-4FBA-9845-76F9B151A309}"
EndProject
Project("{FAE04EC0-301F-11D3-BF4B-00C04F79EFBC}") = "SportsComplex.DesktopUI", "SportsComplex.DesktopUI\SportsComplex.DesktopUI.csproj", "{937B8106-717F-4A7A-A18C-C9E09E2DC51C}"
EndProject
Project("{FAE04EC0-301F-11D3-BF4B-00C04F79EFBC}") = "SportsComplex.Entities", "SportsComplex.Entities\SportsComplex.Entities.csproj", "{96C399C7-A2CF-4A89-96F3-83AFAE74B8AD}"
EndProject
Project("{FAE04EC0-301F-11D3-BF4B-00C04F79EFBC}") = "SportsComplex.Repositories", "SportsComplex.Repositories\SportsComplex.Repositories.csproj", "{32A26BC8-DC06-49E3-AD1B-3E5146E4F3AB}"
EndProject
Global
	GlobalSection(SolutionConfigurationPlatforms) = preSolution
		Debug|Any CPU = Debug|Any CPU
		Release|Any CPU = Release|Any CPU
	EndGlobalSection
	GlobalSection(ProjectConfigurationPlatforms) = postSolution
		{5D3B801C-6A3E-4FBA-9845-76F9B151A309}.Debug|Any CPU.ActiveCfg = Debug|Any CPU
		{5D3B801C-6A3E-4FBA-9845-76F9B151A309}.Debug|Any CPU.Build.0 = Debug|Any CPU
		{5D3B801C-6A3E-4FBA-9845-76F9B151A309}.Debug|Any CPU.Deploy.0 = Debug|Any CPU
		{5D3B801C-6A3E-4FBA-9845-76F9B151A309}.Release|Any CPU.ActiveCfg = Release|Any CPU
		{5D3B801C-6A3E-4FBA-9845-76F9B151A309}.Release|Any CPU.Build.0 = Release|Any CPU
		{5D3B801C-6A3E-4FBA-9845-76F9B151A309}.Release|Any CPU.Deploy.0 = Release|Any CPU
		{937B8106-717F-4A7A-A18C-C9E09E2DC51C}.Debug|Any CPU.ActiveCfg = Debug|Any CPU
		{937B8106-717F-4A7A-A18C-C9E09E2DC51C}.Debug|Any CPU.Build.0 = Debug|Any CPU
		{937B8106-717F-4A7A-A18C-C9E09E2DC51C}.Release|Any CPU.ActiveCfg = Release|Any CPU
		{937B8106-717F-4A7A-A18C-C9E09E2DC51C}.Release|Any CPU.Build.0 = Release|Any CPU
		{96C399C7-A2CF-4A89-96F3-83AFAE74B8AD}.Debug|Any CPU.ActiveCfg = Debug|Any CPU
		{96C399C7-A2CF-4A89-96F3-83AFAE74B8AD}.Debug|Any CPU.Build.0 = Debug|Any CPU
		{96C399C7-A2CF-4A89-96F3-83AFAE74B8AD}.Release|Any CPU.ActiveCfg = Release|Any CPU
		{96C399C7-A2CF-4A89-96F3-83AFAE74B8AD}.Release|Any CPU.Build.0 = Release|Any CPU
		{32A26BC8-DC06-49E3-AD1B-3E5146E4F3AB}.Debug|Any CPU.ActiveCfg = Debug|Any CPU
		{32A26BC8-DC06-49E3-AD1B-3E5146E4F3AB}.Debug|Any CPU.Build.0 = Debug|Any CPU
		{32A26BC8-DC06-49E3-AD1B-3E5146E4F3AB}.Release|Any CPU.ActiveCfg = Release|Any CPU
		{32A26BC8-DC06-49E3-AD1B-3E5146E4F3AB}.Release|Any CPU.Build.0 = Release|Any CPU
	EndGlobalSection
	GlobalSection(SolutionProperties) = preSolution
		HideSolutionNode = FALSE
	EndGlobalSection
EndGlobal
